
Microsoft Visual Studio Solution File, Format Version 12.00
# Visual Studio 2012
Project("{2150E333-8FDC-42A3-9474-1A3956D46DE8}") = "Solution Items", "Solution Items", "{750D94CC-9D79-42D4-961C-06CE52A837E4}"
	ProjectSection(SolutionItems) = preProject
		Build\AnalysisDictionary.xml = Build\AnalysisDictionary.xml
		rakefile.rb = rakefile.rb
		SeedData.sql = SeedData.sql
		Build\shared.targets = Build\shared.targets
		Installer\ShipWorks.iss = Installer\ShipWorks.iss
		LLBLGen\ShipWorks.lgp = LLBLGen\ShipWorks.lgp
		Build\shipworks.proj = Build\shipworks.proj
	EndProjectSection
EndProject
Project("{FAE04EC0-301F-11D3-BF4B-00C04F79EFBC}") = "ShipWorks", "Code\ShipWorks\ShipWorks.csproj", "{02653371-C0DC-4D70-949D-60D37C69F781}"
	ProjectSection(ProjectDependencies) = postProject
		{2AC1FDE7-3FF2-49A5-83AA-1DFAFB7A4FF0} = {2AC1FDE7-3FF2-49A5-83AA-1DFAFB7A4FF0}
	EndProjectSection
EndProject
Project("{8BC9CEB8-8B4A-11D0-8D11-00A0C91BC942}") = "ShipWorks.Native", "Code\ShipWorks.Native\Native.vcxproj", "{2AC1FDE7-3FF2-49A5-83AA-1DFAFB7A4FF0}"
EndProject
Project("{00D1A9C2-B5F0-4AF3-8072-F6C62B433612}") = "ShipWorks.SqlServer", "Code\ShipWorks.SqlServer\ShipWorks.SqlServer.sqlproj", "{D9FBA556-68E0-4961-A400-636A9A6BC7BC}"
EndProject
Project("{FAE04EC0-301F-11D3-BF4B-00C04F79EFBC}") = "ShipWorks.Data.Adapter", "Code\ShipWorks.Data.Adapter\ShipWorks.Data.Adapter.csproj", "{D5EB1EB5-DD70-4461-9377-B462031837DC}"
EndProject
Project("{FAE04EC0-301F-11D3-BF4B-00C04F79EFBC}") = "ShipWorks.Data.Model", "Code\ShipWorks.Data.Model\ShipWorks.Data.Model.csproj", "{6F05267C-1883-4526-8D83-E46B7B2D2FAF}"
EndProject
Project("{FAE04EC0-301F-11D3-BF4B-00C04F79EFBC}") = "Interapptive.Shared", "Code\Interapptive.Shared\Interapptive.Shared.csproj", "{1E53A000-FDEB-4E9E-8BE0-19CDC14A0282}"
EndProject
Project("{FAE04EC0-301F-11D3-BF4B-00C04F79EFBC}") = "ShipWorks.Shared", "Code\ShipWorks.Shared\ShipWorks.Shared.csproj", "{DFCF14EA-6596-4B9C-B743-D7CE9E5F4348}"
EndProject
Project("{FAE04EC0-301F-11D3-BF4B-00C04F79EFBC}") = "ShipWorks.Tests", "Code\ShipWorks.Tests\ShipWorks.Tests.csproj", "{14A91D06-21A1-4496-8F41-25E53BDD88ED}"
EndProject
Project("{FAE04EC0-301F-11D3-BF4B-00C04F79EFBC}") = "ShipWorks.Tests.Integration.MSTest", "Code\ShipWorks.Tests.Integration.MSTest\ShipWorks.Tests.Integration.MSTest.csproj", "{57D1AA0E-1003-48F3-B59E-07B3EBFD1F68}"
EndProject
Global
	GlobalSection(SolutionConfigurationPlatforms) = preSolution
		Debug (x86)|Any CPU = Debug (x86)|Any CPU
		Debug (x86)|Mixed Platforms = Debug (x86)|Mixed Platforms
		Debug (x86)|Win32 = Debug (x86)|Win32
		Debug|Any CPU = Debug|Any CPU
		Debug|Mixed Platforms = Debug|Mixed Platforms
		Debug|Win32 = Debug|Win32
		Release (x86)|Any CPU = Release (x86)|Any CPU
		Release (x86)|Mixed Platforms = Release (x86)|Mixed Platforms
		Release (x86)|Win32 = Release (x86)|Win32
		Release|Any CPU = Release|Any CPU
		Release|Mixed Platforms = Release|Mixed Platforms
		Release|Win32 = Release|Win32
	EndGlobalSection
	GlobalSection(ProjectConfigurationPlatforms) = postSolution
		{02653371-C0DC-4D70-949D-60D37C69F781}.Debug (x86)|Any CPU.ActiveCfg = Debug|x86
		{02653371-C0DC-4D70-949D-60D37C69F781}.Debug (x86)|Any CPU.Build.0 = Debug|x86
		{02653371-C0DC-4D70-949D-60D37C69F781}.Debug (x86)|Mixed Platforms.ActiveCfg = Debug|x86
		{02653371-C0DC-4D70-949D-60D37C69F781}.Debug (x86)|Mixed Platforms.Build.0 = Debug|x86
		{02653371-C0DC-4D70-949D-60D37C69F781}.Debug (x86)|Win32.ActiveCfg = Debug|Any CPU
		{02653371-C0DC-4D70-949D-60D37C69F781}.Debug|Any CPU.ActiveCfg = Debug|Any CPU
		{02653371-C0DC-4D70-949D-60D37C69F781}.Debug|Any CPU.Build.0 = Debug|Any CPU
		{02653371-C0DC-4D70-949D-60D37C69F781}.Debug|Mixed Platforms.ActiveCfg = Debug|Any CPU
		{02653371-C0DC-4D70-949D-60D37C69F781}.Debug|Mixed Platforms.Build.0 = Debug|Any CPU
		{02653371-C0DC-4D70-949D-60D37C69F781}.Debug|Win32.ActiveCfg = Debug|Any CPU
		{02653371-C0DC-4D70-949D-60D37C69F781}.Release (x86)|Any CPU.ActiveCfg = Release|Any CPU
		{02653371-C0DC-4D70-949D-60D37C69F781}.Release (x86)|Any CPU.Build.0 = Release|Any CPU
		{02653371-C0DC-4D70-949D-60D37C69F781}.Release (x86)|Mixed Platforms.ActiveCfg = Release|x86
		{02653371-C0DC-4D70-949D-60D37C69F781}.Release (x86)|Mixed Platforms.Build.0 = Release|x86
		{02653371-C0DC-4D70-949D-60D37C69F781}.Release (x86)|Win32.ActiveCfg = Release|Any CPU
		{02653371-C0DC-4D70-949D-60D37C69F781}.Release|Any CPU.ActiveCfg = Release|Any CPU
		{02653371-C0DC-4D70-949D-60D37C69F781}.Release|Any CPU.Build.0 = Release|Any CPU
		{02653371-C0DC-4D70-949D-60D37C69F781}.Release|Mixed Platforms.ActiveCfg = Release|Any CPU
		{02653371-C0DC-4D70-949D-60D37C69F781}.Release|Mixed Platforms.Build.0 = Release|Any CPU
		{02653371-C0DC-4D70-949D-60D37C69F781}.Release|Win32.ActiveCfg = Release|Any CPU
		{2AC1FDE7-3FF2-49A5-83AA-1DFAFB7A4FF0}.Debug (x86)|Any CPU.ActiveCfg = Debug|Win32
		{2AC1FDE7-3FF2-49A5-83AA-1DFAFB7A4FF0}.Debug (x86)|Mixed Platforms.ActiveCfg = Debug|Win32
		{2AC1FDE7-3FF2-49A5-83AA-1DFAFB7A4FF0}.Debug (x86)|Mixed Platforms.Build.0 = Debug|Win32
		{2AC1FDE7-3FF2-49A5-83AA-1DFAFB7A4FF0}.Debug (x86)|Win32.ActiveCfg = Debug|Win32
		{2AC1FDE7-3FF2-49A5-83AA-1DFAFB7A4FF0}.Debug (x86)|Win32.Build.0 = Debug|Win32
		{2AC1FDE7-3FF2-49A5-83AA-1DFAFB7A4FF0}.Debug|Any CPU.ActiveCfg = Debug|x64
		{2AC1FDE7-3FF2-49A5-83AA-1DFAFB7A4FF0}.Debug|Mixed Platforms.ActiveCfg = Debug|x64
		{2AC1FDE7-3FF2-49A5-83AA-1DFAFB7A4FF0}.Debug|Mixed Platforms.Build.0 = Debug|x64
		{2AC1FDE7-3FF2-49A5-83AA-1DFAFB7A4FF0}.Debug|Win32.ActiveCfg = Debug|Win32
		{2AC1FDE7-3FF2-49A5-83AA-1DFAFB7A4FF0}.Debug|Win32.Build.0 = Debug|Win32
		{2AC1FDE7-3FF2-49A5-83AA-1DFAFB7A4FF0}.Release (x86)|Any CPU.ActiveCfg = Release|Win32
		{2AC1FDE7-3FF2-49A5-83AA-1DFAFB7A4FF0}.Release (x86)|Mixed Platforms.ActiveCfg = Release|Win32
		{2AC1FDE7-3FF2-49A5-83AA-1DFAFB7A4FF0}.Release (x86)|Mixed Platforms.Build.0 = Release|Win32
		{2AC1FDE7-3FF2-49A5-83AA-1DFAFB7A4FF0}.Release (x86)|Win32.ActiveCfg = Release|Win32
		{2AC1FDE7-3FF2-49A5-83AA-1DFAFB7A4FF0}.Release (x86)|Win32.Build.0 = Release|Win32
		{2AC1FDE7-3FF2-49A5-83AA-1DFAFB7A4FF0}.Release|Any CPU.ActiveCfg = Release|Win32
		{2AC1FDE7-3FF2-49A5-83AA-1DFAFB7A4FF0}.Release|Mixed Platforms.ActiveCfg = Release|x64
		{2AC1FDE7-3FF2-49A5-83AA-1DFAFB7A4FF0}.Release|Mixed Platforms.Build.0 = Release|x64
		{2AC1FDE7-3FF2-49A5-83AA-1DFAFB7A4FF0}.Release|Win32.ActiveCfg = Release|Win32
		{2AC1FDE7-3FF2-49A5-83AA-1DFAFB7A4FF0}.Release|Win32.Build.0 = Release|Win32
		{D9FBA556-68E0-4961-A400-636A9A6BC7BC}.Debug (x86)|Any CPU.ActiveCfg = Debug|Any CPU
		{D9FBA556-68E0-4961-A400-636A9A6BC7BC}.Debug (x86)|Any CPU.Build.0 = Debug|Any CPU
		{D9FBA556-68E0-4961-A400-636A9A6BC7BC}.Debug (x86)|Any CPU.Deploy.0 = Debug|Any CPU
		{D9FBA556-68E0-4961-A400-636A9A6BC7BC}.Debug (x86)|Mixed Platforms.ActiveCfg = Debug|Any CPU
		{D9FBA556-68E0-4961-A400-636A9A6BC7BC}.Debug (x86)|Mixed Platforms.Build.0 = Debug|Any CPU
		{D9FBA556-68E0-4961-A400-636A9A6BC7BC}.Debug (x86)|Win32.ActiveCfg = Debug|Any CPU
		{D9FBA556-68E0-4961-A400-636A9A6BC7BC}.Debug|Any CPU.ActiveCfg = Debug|Any CPU
		{D9FBA556-68E0-4961-A400-636A9A6BC7BC}.Debug|Any CPU.Build.0 = Debug|Any CPU
		{D9FBA556-68E0-4961-A400-636A9A6BC7BC}.Debug|Mixed Platforms.ActiveCfg = Debug|Any CPU
		{D9FBA556-68E0-4961-A400-636A9A6BC7BC}.Debug|Mixed Platforms.Build.0 = Debug|Any CPU
		{D9FBA556-68E0-4961-A400-636A9A6BC7BC}.Debug|Win32.ActiveCfg = Debug|Any CPU
		{D9FBA556-68E0-4961-A400-636A9A6BC7BC}.Release (x86)|Any CPU.ActiveCfg = Release|Any CPU
		{D9FBA556-68E0-4961-A400-636A9A6BC7BC}.Release (x86)|Any CPU.Build.0 = Release|Any CPU
		{D9FBA556-68E0-4961-A400-636A9A6BC7BC}.Release (x86)|Any CPU.Deploy.0 = Release|Any CPU
		{D9FBA556-68E0-4961-A400-636A9A6BC7BC}.Release (x86)|Mixed Platforms.ActiveCfg = Release|Any CPU
		{D9FBA556-68E0-4961-A400-636A9A6BC7BC}.Release (x86)|Mixed Platforms.Build.0 = Release|Any CPU
		{D9FBA556-68E0-4961-A400-636A9A6BC7BC}.Release (x86)|Win32.ActiveCfg = Release|Any CPU
		{D9FBA556-68E0-4961-A400-636A9A6BC7BC}.Release|Any CPU.ActiveCfg = Release|Any CPU
		{D9FBA556-68E0-4961-A400-636A9A6BC7BC}.Release|Any CPU.Build.0 = Release|Any CPU
		{D9FBA556-68E0-4961-A400-636A9A6BC7BC}.Release|Any CPU.Deploy.0 = Release|Any CPU
		{D9FBA556-68E0-4961-A400-636A9A6BC7BC}.Release|Mixed Platforms.ActiveCfg = Release|Any CPU
		{D9FBA556-68E0-4961-A400-636A9A6BC7BC}.Release|Mixed Platforms.Build.0 = Release|Any CPU
		{D9FBA556-68E0-4961-A400-636A9A6BC7BC}.Release|Win32.ActiveCfg = Release|Any CPU
		{D5EB1EB5-DD70-4461-9377-B462031837DC}.Debug (x86)|Any CPU.ActiveCfg = Debug|Any CPU
		{D5EB1EB5-DD70-4461-9377-B462031837DC}.Debug (x86)|Any CPU.Build.0 = Debug|Any CPU
		{D5EB1EB5-DD70-4461-9377-B462031837DC}.Debug (x86)|Mixed Platforms.ActiveCfg = Debug|Any CPU
		{D5EB1EB5-DD70-4461-9377-B462031837DC}.Debug (x86)|Mixed Platforms.Build.0 = Debug|Any CPU
		{D5EB1EB5-DD70-4461-9377-B462031837DC}.Debug (x86)|Win32.ActiveCfg = Debug|Any CPU
		{D5EB1EB5-DD70-4461-9377-B462031837DC}.Debug|Any CPU.ActiveCfg = Debug|Any CPU
		{D5EB1EB5-DD70-4461-9377-B462031837DC}.Debug|Any CPU.Build.0 = Debug|Any CPU
		{D5EB1EB5-DD70-4461-9377-B462031837DC}.Debug|Mixed Platforms.ActiveCfg = Debug|Any CPU
		{D5EB1EB5-DD70-4461-9377-B462031837DC}.Debug|Mixed Platforms.Build.0 = Debug|Any CPU
		{D5EB1EB5-DD70-4461-9377-B462031837DC}.Debug|Win32.ActiveCfg = Debug|Any CPU
		{D5EB1EB5-DD70-4461-9377-B462031837DC}.Release (x86)|Any CPU.ActiveCfg = Release|Any CPU
		{D5EB1EB5-DD70-4461-9377-B462031837DC}.Release (x86)|Any CPU.Build.0 = Release|Any CPU
		{D5EB1EB5-DD70-4461-9377-B462031837DC}.Release (x86)|Mixed Platforms.ActiveCfg = Release|Any CPU
		{D5EB1EB5-DD70-4461-9377-B462031837DC}.Release (x86)|Mixed Platforms.Build.0 = Release|Any CPU
		{D5EB1EB5-DD70-4461-9377-B462031837DC}.Release (x86)|Win32.ActiveCfg = Release|Any CPU
		{D5EB1EB5-DD70-4461-9377-B462031837DC}.Release|Any CPU.ActiveCfg = Release|Any CPU
		{D5EB1EB5-DD70-4461-9377-B462031837DC}.Release|Any CPU.Build.0 = Release|Any CPU
		{D5EB1EB5-DD70-4461-9377-B462031837DC}.Release|Mixed Platforms.ActiveCfg = Release|Any CPU
		{D5EB1EB5-DD70-4461-9377-B462031837DC}.Release|Mixed Platforms.Build.0 = Release|Any CPU
		{D5EB1EB5-DD70-4461-9377-B462031837DC}.Release|Win32.ActiveCfg = Release|Any CPU
		{6F05267C-1883-4526-8D83-E46B7B2D2FAF}.Debug (x86)|Any CPU.ActiveCfg = Debug|Any CPU
		{6F05267C-1883-4526-8D83-E46B7B2D2FAF}.Debug (x86)|Any CPU.Build.0 = Debug|Any CPU
		{6F05267C-1883-4526-8D83-E46B7B2D2FAF}.Debug (x86)|Mixed Platforms.ActiveCfg = Debug|Any CPU
		{6F05267C-1883-4526-8D83-E46B7B2D2FAF}.Debug (x86)|Mixed Platforms.Build.0 = Debug|Any CPU
		{6F05267C-1883-4526-8D83-E46B7B2D2FAF}.Debug (x86)|Win32.ActiveCfg = Debug|Any CPU
		{6F05267C-1883-4526-8D83-E46B7B2D2FAF}.Debug|Any CPU.ActiveCfg = Debug|Any CPU
		{6F05267C-1883-4526-8D83-E46B7B2D2FAF}.Debug|Any CPU.Build.0 = Debug|Any CPU
		{6F05267C-1883-4526-8D83-E46B7B2D2FAF}.Debug|Mixed Platforms.ActiveCfg = Debug|Any CPU
		{6F05267C-1883-4526-8D83-E46B7B2D2FAF}.Debug|Mixed Platforms.Build.0 = Debug|Any CPU
		{6F05267C-1883-4526-8D83-E46B7B2D2FAF}.Debug|Win32.ActiveCfg = Debug|Any CPU
		{6F05267C-1883-4526-8D83-E46B7B2D2FAF}.Release (x86)|Any CPU.ActiveCfg = Release|Any CPU
		{6F05267C-1883-4526-8D83-E46B7B2D2FAF}.Release (x86)|Any CPU.Build.0 = Release|Any CPU
		{6F05267C-1883-4526-8D83-E46B7B2D2FAF}.Release (x86)|Mixed Platforms.ActiveCfg = Release|Any CPU
		{6F05267C-1883-4526-8D83-E46B7B2D2FAF}.Release (x86)|Mixed Platforms.Build.0 = Release|Any CPU
		{6F05267C-1883-4526-8D83-E46B7B2D2FAF}.Release (x86)|Win32.ActiveCfg = Release|Any CPU
		{6F05267C-1883-4526-8D83-E46B7B2D2FAF}.Release|Any CPU.ActiveCfg = Release|Any CPU
		{6F05267C-1883-4526-8D83-E46B7B2D2FAF}.Release|Any CPU.Build.0 = Release|Any CPU
		{6F05267C-1883-4526-8D83-E46B7B2D2FAF}.Release|Mixed Platforms.ActiveCfg = Release|Any CPU
		{6F05267C-1883-4526-8D83-E46B7B2D2FAF}.Release|Mixed Platforms.Build.0 = Release|Any CPU
		{6F05267C-1883-4526-8D83-E46B7B2D2FAF}.Release|Win32.ActiveCfg = Release|Any CPU
		{1E53A000-FDEB-4E9E-8BE0-19CDC14A0282}.Debug (x86)|Any CPU.ActiveCfg = Debug|Any CPU
		{1E53A000-FDEB-4E9E-8BE0-19CDC14A0282}.Debug (x86)|Any CPU.Build.0 = Debug|Any CPU
		{1E53A000-FDEB-4E9E-8BE0-19CDC14A0282}.Debug (x86)|Mixed Platforms.ActiveCfg = Debug|Any CPU
		{1E53A000-FDEB-4E9E-8BE0-19CDC14A0282}.Debug (x86)|Mixed Platforms.Build.0 = Debug|Any CPU
		{1E53A000-FDEB-4E9E-8BE0-19CDC14A0282}.Debug (x86)|Win32.ActiveCfg = Debug|Any CPU
		{1E53A000-FDEB-4E9E-8BE0-19CDC14A0282}.Debug|Any CPU.ActiveCfg = Debug|Any CPU
		{1E53A000-FDEB-4E9E-8BE0-19CDC14A0282}.Debug|Any CPU.Build.0 = Debug|Any CPU
		{1E53A000-FDEB-4E9E-8BE0-19CDC14A0282}.Debug|Mixed Platforms.ActiveCfg = Debug|Any CPU
		{1E53A000-FDEB-4E9E-8BE0-19CDC14A0282}.Debug|Mixed Platforms.Build.0 = Debug|Any CPU
		{1E53A000-FDEB-4E9E-8BE0-19CDC14A0282}.Debug|Win32.ActiveCfg = Debug|Any CPU
		{1E53A000-FDEB-4E9E-8BE0-19CDC14A0282}.Release (x86)|Any CPU.ActiveCfg = Release|Any CPU
		{1E53A000-FDEB-4E9E-8BE0-19CDC14A0282}.Release (x86)|Any CPU.Build.0 = Release|Any CPU
		{1E53A000-FDEB-4E9E-8BE0-19CDC14A0282}.Release (x86)|Mixed Platforms.ActiveCfg = Release|Any CPU
		{1E53A000-FDEB-4E9E-8BE0-19CDC14A0282}.Release (x86)|Mixed Platforms.Build.0 = Release|Any CPU
		{1E53A000-FDEB-4E9E-8BE0-19CDC14A0282}.Release (x86)|Win32.ActiveCfg = Release|Any CPU
		{1E53A000-FDEB-4E9E-8BE0-19CDC14A0282}.Release|Any CPU.ActiveCfg = Release|Any CPU
		{1E53A000-FDEB-4E9E-8BE0-19CDC14A0282}.Release|Any CPU.Build.0 = Release|Any CPU
		{1E53A000-FDEB-4E9E-8BE0-19CDC14A0282}.Release|Mixed Platforms.ActiveCfg = Release|Any CPU
		{1E53A000-FDEB-4E9E-8BE0-19CDC14A0282}.Release|Mixed Platforms.Build.0 = Release|Any CPU
		{1E53A000-FDEB-4E9E-8BE0-19CDC14A0282}.Release|Win32.ActiveCfg = Release|Any CPU
		{DFCF14EA-6596-4B9C-B743-D7CE9E5F4348}.Debug (x86)|Any CPU.ActiveCfg = Debug|Any CPU
		{DFCF14EA-6596-4B9C-B743-D7CE9E5F4348}.Debug (x86)|Any CPU.Build.0 = Debug|Any CPU
		{DFCF14EA-6596-4B9C-B743-D7CE9E5F4348}.Debug (x86)|Mixed Platforms.ActiveCfg = Debug|Any CPU
		{DFCF14EA-6596-4B9C-B743-D7CE9E5F4348}.Debug (x86)|Mixed Platforms.Build.0 = Debug|Any CPU
		{DFCF14EA-6596-4B9C-B743-D7CE9E5F4348}.Debug (x86)|Win32.ActiveCfg = Debug|Any CPU
		{DFCF14EA-6596-4B9C-B743-D7CE9E5F4348}.Debug|Any CPU.ActiveCfg = Debug|Any CPU
		{DFCF14EA-6596-4B9C-B743-D7CE9E5F4348}.Debug|Any CPU.Build.0 = Debug|Any CPU
		{DFCF14EA-6596-4B9C-B743-D7CE9E5F4348}.Debug|Mixed Platforms.ActiveCfg = Debug|Any CPU
		{DFCF14EA-6596-4B9C-B743-D7CE9E5F4348}.Debug|Mixed Platforms.Build.0 = Debug|Any CPU
		{DFCF14EA-6596-4B9C-B743-D7CE9E5F4348}.Debug|Win32.ActiveCfg = Debug|Any CPU
		{DFCF14EA-6596-4B9C-B743-D7CE9E5F4348}.Release (x86)|Any CPU.ActiveCfg = Release|Any CPU
		{DFCF14EA-6596-4B9C-B743-D7CE9E5F4348}.Release (x86)|Any CPU.Build.0 = Release|Any CPU
		{DFCF14EA-6596-4B9C-B743-D7CE9E5F4348}.Release (x86)|Mixed Platforms.ActiveCfg = Release|Any CPU
		{DFCF14EA-6596-4B9C-B743-D7CE9E5F4348}.Release (x86)|Mixed Platforms.Build.0 = Release|Any CPU
		{DFCF14EA-6596-4B9C-B743-D7CE9E5F4348}.Release (x86)|Win32.ActiveCfg = Release|Any CPU
		{DFCF14EA-6596-4B9C-B743-D7CE9E5F4348}.Release|Any CPU.ActiveCfg = Release|Any CPU
		{DFCF14EA-6596-4B9C-B743-D7CE9E5F4348}.Release|Any CPU.Build.0 = Release|Any CPU
		{DFCF14EA-6596-4B9C-B743-D7CE9E5F4348}.Release|Mixed Platforms.ActiveCfg = Release|Any CPU
		{DFCF14EA-6596-4B9C-B743-D7CE9E5F4348}.Release|Mixed Platforms.Build.0 = Release|Any CPU
		{DFCF14EA-6596-4B9C-B743-D7CE9E5F4348}.Release|Win32.ActiveCfg = Release|Any CPU
		{14A91D06-21A1-4496-8F41-25E53BDD88ED}.Debug (x86)|Any CPU.ActiveCfg = Debug|Any CPU
		{14A91D06-21A1-4496-8F41-25E53BDD88ED}.Debug (x86)|Any CPU.Build.0 = Debug|Any CPU
		{14A91D06-21A1-4496-8F41-25E53BDD88ED}.Debug (x86)|Mixed Platforms.ActiveCfg = Debug|Any CPU
		{14A91D06-21A1-4496-8F41-25E53BDD88ED}.Debug (x86)|Mixed Platforms.Build.0 = Debug|Any CPU
		{14A91D06-21A1-4496-8F41-25E53BDD88ED}.Debug (x86)|Win32.ActiveCfg = Debug|Any CPU
		{14A91D06-21A1-4496-8F41-25E53BDD88ED}.Debug|Any CPU.ActiveCfg = Debug|Any CPU
		{14A91D06-21A1-4496-8F41-25E53BDD88ED}.Debug|Any CPU.Build.0 = Debug|Any CPU
		{14A91D06-21A1-4496-8F41-25E53BDD88ED}.Debug|Mixed Platforms.ActiveCfg = Debug|Any CPU
		{14A91D06-21A1-4496-8F41-25E53BDD88ED}.Debug|Mixed Platforms.Build.0 = Debug|Any CPU
		{14A91D06-21A1-4496-8F41-25E53BDD88ED}.Debug|Win32.ActiveCfg = Debug|Any CPU
		{14A91D06-21A1-4496-8F41-25E53BDD88ED}.Release (x86)|Any CPU.ActiveCfg = Release|Any CPU
		{14A91D06-21A1-4496-8F41-25E53BDD88ED}.Release (x86)|Any CPU.Build.0 = Release|Any CPU
		{14A91D06-21A1-4496-8F41-25E53BDD88ED}.Release (x86)|Mixed Platforms.ActiveCfg = Release|Any CPU
		{14A91D06-21A1-4496-8F41-25E53BDD88ED}.Release (x86)|Mixed Platforms.Build.0 = Release|Any CPU
		{14A91D06-21A1-4496-8F41-25E53BDD88ED}.Release (x86)|Win32.ActiveCfg = Release|Any CPU
		{14A91D06-21A1-4496-8F41-25E53BDD88ED}.Release|Any CPU.ActiveCfg = Release|Any CPU
		{14A91D06-21A1-4496-8F41-25E53BDD88ED}.Release|Any CPU.Build.0 = Release|Any CPU
		{14A91D06-21A1-4496-8F41-25E53BDD88ED}.Release|Mixed Platforms.ActiveCfg = Release|Any CPU
		{14A91D06-21A1-4496-8F41-25E53BDD88ED}.Release|Mixed Platforms.Build.0 = Release|Any CPU
		{14A91D06-21A1-4496-8F41-25E53BDD88ED}.Release|Win32.ActiveCfg = Release|Any CPU
		{57D1AA0E-1003-48F3-B59E-07B3EBFD1F68}.Debug (x86)|Any CPU.ActiveCfg = Debug|Any CPU
		{57D1AA0E-1003-48F3-B59E-07B3EBFD1F68}.Debug (x86)|Any CPU.Build.0 = Debug|Any CPU
		{57D1AA0E-1003-48F3-B59E-07B3EBFD1F68}.Debug (x86)|Mixed Platforms.ActiveCfg = Debug|Any CPU
		{57D1AA0E-1003-48F3-B59E-07B3EBFD1F68}.Debug (x86)|Mixed Platforms.Build.0 = Debug|Any CPU
		{57D1AA0E-1003-48F3-B59E-07B3EBFD1F68}.Debug (x86)|Win32.ActiveCfg = Debug|Any CPU
		{57D1AA0E-1003-48F3-B59E-07B3EBFD1F68}.Debug|Any CPU.ActiveCfg = Debug|Any CPU
		{57D1AA0E-1003-48F3-B59E-07B3EBFD1F68}.Debug|Any CPU.Build.0 = Debug|Any CPU
		{57D1AA0E-1003-48F3-B59E-07B3EBFD1F68}.Debug|Mixed Platforms.ActiveCfg = Debug|Any CPU
		{57D1AA0E-1003-48F3-B59E-07B3EBFD1F68}.Debug|Mixed Platforms.Build.0 = Debug|Any CPU
		{57D1AA0E-1003-48F3-B59E-07B3EBFD1F68}.Debug|Win32.ActiveCfg = Debug|Any CPU
		{57D1AA0E-1003-48F3-B59E-07B3EBFD1F68}.Release (x86)|Any CPU.ActiveCfg = Release|Any CPU
		{57D1AA0E-1003-48F3-B59E-07B3EBFD1F68}.Release (x86)|Any CPU.Build.0 = Release|Any CPU
		{57D1AA0E-1003-48F3-B59E-07B3EBFD1F68}.Release (x86)|Mixed Platforms.ActiveCfg = Release|Any CPU
		{57D1AA0E-1003-48F3-B59E-07B3EBFD1F68}.Release (x86)|Mixed Platforms.Build.0 = Release|Any CPU
		{57D1AA0E-1003-48F3-B59E-07B3EBFD1F68}.Release (x86)|Win32.ActiveCfg = Release|Any CPU
		{57D1AA0E-1003-48F3-B59E-07B3EBFD1F68}.Release|Any CPU.ActiveCfg = Release|Any CPU
		{57D1AA0E-1003-48F3-B59E-07B3EBFD1F68}.Release|Any CPU.Build.0 = Release|Any CPU
		{57D1AA0E-1003-48F3-B59E-07B3EBFD1F68}.Release|Mixed Platforms.ActiveCfg = Release|Any CPU
		{57D1AA0E-1003-48F3-B59E-07B3EBFD1F68}.Release|Mixed Platforms.Build.0 = Release|Any CPU
		{57D1AA0E-1003-48F3-B59E-07B3EBFD1F68}.Release|Win32.ActiveCfg = Release|Any CPU
	EndGlobalSection
	GlobalSection(SolutionProperties) = preSolution
		HideSolutionNode = FALSE
	EndGlobalSection
EndGlobal
