
Microsoft Visual Studio Solution File, Format Version 12.00
# Visual Studio 14
VisualStudioVersion = 14.0.23107.0
MinimumVisualStudioVersion = 14.0.23107.0
Project("{2150E333-8FDC-42A3-9474-1A3956D46DE8}") = "Solution Items", "Solution Items", "{750D94CC-9D79-42D4-961C-06CE52A837E4}"
	ProjectSection(SolutionItems) = preProject
		Build\AnalysisDictionary.xml = Build\AnalysisDictionary.xml
		rakefile.rb = rakefile.rb
		SeedData.sql = SeedData.sql
		Build\shared.targets = Build\shared.targets
		Installer\ShipWorks.iss = Installer\ShipWorks.iss
		LLBLGen\ShipWorks.lgp = LLBLGen\ShipWorks.lgp
		Build\shipworks.proj = Build\shipworks.proj
	EndProjectSection
EndProject
Project("{FAE04EC0-301F-11D3-BF4B-00C04F79EFBC}") = "ShipWorks.Core", "Code\ShipWorks\ShipWorks.Core.csproj", "{02653371-C0DC-4D70-949D-60D37C69F781}"
EndProject
Project("{00D1A9C2-B5F0-4AF3-8072-F6C62B433612}") = "ShipWorks.SqlServer", "Code\ShipWorks.SqlServer\ShipWorks.SqlServer.sqlproj", "{D9FBA556-68E0-4961-A400-636A9A6BC7BC}"
EndProject
Project("{FAE04EC0-301F-11D3-BF4B-00C04F79EFBC}") = "ShipWorks.Data.Adapter", "Code\ShipWorks.Data.Adapter\ShipWorks.Data.Adapter.csproj", "{D5EB1EB5-DD70-4461-9377-B462031837DC}"
EndProject
Project("{FAE04EC0-301F-11D3-BF4B-00C04F79EFBC}") = "ShipWorks.Data.Model", "Code\ShipWorks.Data.Model\ShipWorks.Data.Model.csproj", "{6F05267C-1883-4526-8D83-E46B7B2D2FAF}"
EndProject
Project("{FAE04EC0-301F-11D3-BF4B-00C04F79EFBC}") = "Interapptive.Shared", "Code\Interapptive.Shared\Interapptive.Shared.csproj", "{1E53A000-FDEB-4E9E-8BE0-19CDC14A0282}"
EndProject
Project("{FAE04EC0-301F-11D3-BF4B-00C04F79EFBC}") = "ShipWorks.Shared", "Code\ShipWorks.Shared\ShipWorks.Shared.csproj", "{DFCF14EA-6596-4B9C-B743-D7CE9E5F4348}"
EndProject
Project("{FAE04EC0-301F-11D3-BF4B-00C04F79EFBC}") = "ShipWorks.Tests", "Code\ShipWorks.Tests\ShipWorks.Tests.csproj", "{14A91D06-21A1-4496-8F41-25E53BDD88ED}"
EndProject
Project("{FAE04EC0-301F-11D3-BF4B-00C04F79EFBC}") = "ShipWorks.Tests.Integration", "Code\ShipWorks.Tests.Integration\ShipWorks.Tests.Integration.csproj", "{57D1AA0E-1003-48F3-B59E-07B3EBFD1F68}"
EndProject
Project("{FAE04EC0-301F-11D3-BF4B-00C04F79EFBC}") = "ShipWorks", "Code\ShipWorks.Executable\ShipWorks.csproj", "{FCD9A0E9-0954-4249-8BAC-3BCBF93E6E10}"
EndProject
Project("{FAE04EC0-301F-11D3-BF4B-00C04F79EFBC}") = "ShipWorks.Shipping", "Code\ShipWorks.Shipping\ShipWorks.Shipping.csproj", "{A5EB7A6B-1600-4BE2-AED6-3284C4E7987C}"
EndProject
Project("{FAE04EC0-301F-11D3-BF4B-00C04F79EFBC}") = "ShipWorks.Shipping.UI", "Code\ShipWorks.Shipping.UI\ShipWorks.Shipping.UI.csproj", "{A93F195E-44BC-4C73-8F70-7714A040EA0E}"
EndProject
Project("{FAE04EC0-301F-11D3-BF4B-00C04F79EFBC}") = "ShipWorks.Shipping.Tests", "Code\ShipWorks.Shipping.Tests\ShipWorks.Shipping.Tests.csproj", "{816C5A4D-FA09-4E79-8B50-8BD375532460}"
EndProject
Project("{FAE04EC0-301F-11D3-BF4B-00C04F79EFBC}") = "ShipWorks.ThirdPartyApi", "Code\ShipWorks.ThirdPartyApi\ShipWorks.ThirdPartyApi.csproj", "{0406CA21-03B7-4BF0-AEB3-993C7BE208B9}"
EndProject
Project("{FAE04EC0-301F-11D3-BF4B-00C04F79EFBC}") = "Interapptive.Shared.Tests", "Code\Interapptive.Shared.Tests\Interapptive.Shared.Tests.csproj", "{329FDD27-99C6-48D6-9205-280CFDA3C735}"
EndProject
Global
	GlobalSection(SolutionConfigurationPlatforms) = preSolution
		Debug (x86)|Any CPU = Debug (x86)|Any CPU
		Debug (x86)|Mixed Platforms = Debug (x86)|Mixed Platforms
		Debug (x86)|Win32 = Debug (x86)|Win32
		Debug (x86)|x86 = Debug (x86)|x86
		Debug|Any CPU = Debug|Any CPU
		Debug|Mixed Platforms = Debug|Mixed Platforms
		Debug|Win32 = Debug|Win32
		Debug|x86 = Debug|x86
		Release (x86)|Any CPU = Release (x86)|Any CPU
		Release (x86)|Mixed Platforms = Release (x86)|Mixed Platforms
		Release (x86)|Win32 = Release (x86)|Win32
		Release (x86)|x86 = Release (x86)|x86
		Release|Any CPU = Release|Any CPU
		Release|Mixed Platforms = Release|Mixed Platforms
		Release|Win32 = Release|Win32
		Release|x86 = Release|x86
	EndGlobalSection
	GlobalSection(ProjectConfigurationPlatforms) = postSolution
		{02653371-C0DC-4D70-949D-60D37C69F781}.Debug (x86)|Any CPU.ActiveCfg = Debug|x86
		{02653371-C0DC-4D70-949D-60D37C69F781}.Debug (x86)|Any CPU.Build.0 = Debug|x86
		{02653371-C0DC-4D70-949D-60D37C69F781}.Debug (x86)|Mixed Platforms.ActiveCfg = Debug|x86
		{02653371-C0DC-4D70-949D-60D37C69F781}.Debug (x86)|Mixed Platforms.Build.0 = Debug|x86
		{02653371-C0DC-4D70-949D-60D37C69F781}.Debug (x86)|Win32.ActiveCfg = Debug|Any CPU
		{02653371-C0DC-4D70-949D-60D37C69F781}.Debug (x86)|x86.ActiveCfg = Debug|x86
		{02653371-C0DC-4D70-949D-60D37C69F781}.Debug (x86)|x86.Build.0 = Debug|x86
		{02653371-C0DC-4D70-949D-60D37C69F781}.Debug|Any CPU.ActiveCfg = Debug|Any CPU
		{02653371-C0DC-4D70-949D-60D37C69F781}.Debug|Any CPU.Build.0 = Debug|Any CPU
		{02653371-C0DC-4D70-949D-60D37C69F781}.Debug|Mixed Platforms.ActiveCfg = Debug|Any CPU
		{02653371-C0DC-4D70-949D-60D37C69F781}.Debug|Mixed Platforms.Build.0 = Debug|Any CPU
		{02653371-C0DC-4D70-949D-60D37C69F781}.Debug|Win32.ActiveCfg = Debug|Any CPU
		{02653371-C0DC-4D70-949D-60D37C69F781}.Debug|x86.ActiveCfg = Debug|x86
		{02653371-C0DC-4D70-949D-60D37C69F781}.Debug|x86.Build.0 = Debug|x86
		{02653371-C0DC-4D70-949D-60D37C69F781}.Release (x86)|Any CPU.ActiveCfg = Release|Any CPU
		{02653371-C0DC-4D70-949D-60D37C69F781}.Release (x86)|Any CPU.Build.0 = Release|Any CPU
		{02653371-C0DC-4D70-949D-60D37C69F781}.Release (x86)|Mixed Platforms.ActiveCfg = Release|x86
		{02653371-C0DC-4D70-949D-60D37C69F781}.Release (x86)|Mixed Platforms.Build.0 = Release|x86
		{02653371-C0DC-4D70-949D-60D37C69F781}.Release (x86)|Win32.ActiveCfg = Release|Any CPU
		{02653371-C0DC-4D70-949D-60D37C69F781}.Release (x86)|x86.ActiveCfg = Release|x86
		{02653371-C0DC-4D70-949D-60D37C69F781}.Release (x86)|x86.Build.0 = Release|x86
		{02653371-C0DC-4D70-949D-60D37C69F781}.Release|Any CPU.ActiveCfg = Release|Any CPU
		{02653371-C0DC-4D70-949D-60D37C69F781}.Release|Any CPU.Build.0 = Release|Any CPU
		{02653371-C0DC-4D70-949D-60D37C69F781}.Release|Mixed Platforms.ActiveCfg = Release|Any CPU
		{02653371-C0DC-4D70-949D-60D37C69F781}.Release|Mixed Platforms.Build.0 = Release|Any CPU
		{02653371-C0DC-4D70-949D-60D37C69F781}.Release|Win32.ActiveCfg = Release|Any CPU
		{02653371-C0DC-4D70-949D-60D37C69F781}.Release|x86.ActiveCfg = Release|x86
		{02653371-C0DC-4D70-949D-60D37C69F781}.Release|x86.Build.0 = Release|x86
		{D9FBA556-68E0-4961-A400-636A9A6BC7BC}.Debug (x86)|Any CPU.ActiveCfg = Debug|Any CPU
		{D9FBA556-68E0-4961-A400-636A9A6BC7BC}.Debug (x86)|Any CPU.Build.0 = Debug|Any CPU
		{D9FBA556-68E0-4961-A400-636A9A6BC7BC}.Debug (x86)|Any CPU.Deploy.0 = Debug|Any CPU
		{D9FBA556-68E0-4961-A400-636A9A6BC7BC}.Debug (x86)|Mixed Platforms.ActiveCfg = Debug|Any CPU
		{D9FBA556-68E0-4961-A400-636A9A6BC7BC}.Debug (x86)|Mixed Platforms.Build.0 = Debug|Any CPU
		{D9FBA556-68E0-4961-A400-636A9A6BC7BC}.Debug (x86)|Win32.ActiveCfg = Debug|Any CPU
		{D9FBA556-68E0-4961-A400-636A9A6BC7BC}.Debug (x86)|x86.ActiveCfg = Debug|Any CPU
		{D9FBA556-68E0-4961-A400-636A9A6BC7BC}.Debug|Any CPU.ActiveCfg = Debug|Any CPU
		{D9FBA556-68E0-4961-A400-636A9A6BC7BC}.Debug|Any CPU.Build.0 = Debug|Any CPU
		{D9FBA556-68E0-4961-A400-636A9A6BC7BC}.Debug|Mixed Platforms.ActiveCfg = Debug|Any CPU
		{D9FBA556-68E0-4961-A400-636A9A6BC7BC}.Debug|Mixed Platforms.Build.0 = Debug|Any CPU
		{D9FBA556-68E0-4961-A400-636A9A6BC7BC}.Debug|Win32.ActiveCfg = Debug|Any CPU
		{D9FBA556-68E0-4961-A400-636A9A6BC7BC}.Debug|x86.ActiveCfg = Debug|Any CPU
		{D9FBA556-68E0-4961-A400-636A9A6BC7BC}.Release (x86)|Any CPU.ActiveCfg = Release|Any CPU
		{D9FBA556-68E0-4961-A400-636A9A6BC7BC}.Release (x86)|Any CPU.Build.0 = Release|Any CPU
		{D9FBA556-68E0-4961-A400-636A9A6BC7BC}.Release (x86)|Any CPU.Deploy.0 = Release|Any CPU
		{D9FBA556-68E0-4961-A400-636A9A6BC7BC}.Release (x86)|Mixed Platforms.ActiveCfg = Release|Any CPU
		{D9FBA556-68E0-4961-A400-636A9A6BC7BC}.Release (x86)|Mixed Platforms.Build.0 = Release|Any CPU
		{D9FBA556-68E0-4961-A400-636A9A6BC7BC}.Release (x86)|Win32.ActiveCfg = Release|Any CPU
		{D9FBA556-68E0-4961-A400-636A9A6BC7BC}.Release (x86)|x86.ActiveCfg = Release|Any CPU
		{D9FBA556-68E0-4961-A400-636A9A6BC7BC}.Release|Any CPU.ActiveCfg = Release|Any CPU
		{D9FBA556-68E0-4961-A400-636A9A6BC7BC}.Release|Any CPU.Build.0 = Release|Any CPU
		{D9FBA556-68E0-4961-A400-636A9A6BC7BC}.Release|Any CPU.Deploy.0 = Release|Any CPU
		{D9FBA556-68E0-4961-A400-636A9A6BC7BC}.Release|Mixed Platforms.ActiveCfg = Release|Any CPU
		{D9FBA556-68E0-4961-A400-636A9A6BC7BC}.Release|Mixed Platforms.Build.0 = Release|Any CPU
		{D9FBA556-68E0-4961-A400-636A9A6BC7BC}.Release|Win32.ActiveCfg = Release|Any CPU
		{D9FBA556-68E0-4961-A400-636A9A6BC7BC}.Release|x86.ActiveCfg = Release|Any CPU
		{D5EB1EB5-DD70-4461-9377-B462031837DC}.Debug (x86)|Any CPU.ActiveCfg = Debug|Any CPU
		{D5EB1EB5-DD70-4461-9377-B462031837DC}.Debug (x86)|Any CPU.Build.0 = Debug|Any CPU
		{D5EB1EB5-DD70-4461-9377-B462031837DC}.Debug (x86)|Mixed Platforms.ActiveCfg = Debug|Any CPU
		{D5EB1EB5-DD70-4461-9377-B462031837DC}.Debug (x86)|Mixed Platforms.Build.0 = Debug|Any CPU
		{D5EB1EB5-DD70-4461-9377-B462031837DC}.Debug (x86)|Win32.ActiveCfg = Debug|Any CPU
		{D5EB1EB5-DD70-4461-9377-B462031837DC}.Debug (x86)|x86.ActiveCfg = Debug|Any CPU
		{D5EB1EB5-DD70-4461-9377-B462031837DC}.Debug|Any CPU.ActiveCfg = Debug|Any CPU
		{D5EB1EB5-DD70-4461-9377-B462031837DC}.Debug|Any CPU.Build.0 = Debug|Any CPU
		{D5EB1EB5-DD70-4461-9377-B462031837DC}.Debug|Mixed Platforms.ActiveCfg = Debug|Any CPU
		{D5EB1EB5-DD70-4461-9377-B462031837DC}.Debug|Mixed Platforms.Build.0 = Debug|Any CPU
		{D5EB1EB5-DD70-4461-9377-B462031837DC}.Debug|Win32.ActiveCfg = Debug|Any CPU
		{D5EB1EB5-DD70-4461-9377-B462031837DC}.Debug|x86.ActiveCfg = Debug|Any CPU
		{D5EB1EB5-DD70-4461-9377-B462031837DC}.Release (x86)|Any CPU.ActiveCfg = Release|Any CPU
		{D5EB1EB5-DD70-4461-9377-B462031837DC}.Release (x86)|Any CPU.Build.0 = Release|Any CPU
		{D5EB1EB5-DD70-4461-9377-B462031837DC}.Release (x86)|Mixed Platforms.ActiveCfg = Release|Any CPU
		{D5EB1EB5-DD70-4461-9377-B462031837DC}.Release (x86)|Mixed Platforms.Build.0 = Release|Any CPU
		{D5EB1EB5-DD70-4461-9377-B462031837DC}.Release (x86)|Win32.ActiveCfg = Release|Any CPU
		{D5EB1EB5-DD70-4461-9377-B462031837DC}.Release (x86)|x86.ActiveCfg = Release|Any CPU
		{D5EB1EB5-DD70-4461-9377-B462031837DC}.Release|Any CPU.ActiveCfg = Release|Any CPU
		{D5EB1EB5-DD70-4461-9377-B462031837DC}.Release|Any CPU.Build.0 = Release|Any CPU
		{D5EB1EB5-DD70-4461-9377-B462031837DC}.Release|Mixed Platforms.ActiveCfg = Release|Any CPU
		{D5EB1EB5-DD70-4461-9377-B462031837DC}.Release|Mixed Platforms.Build.0 = Release|Any CPU
		{D5EB1EB5-DD70-4461-9377-B462031837DC}.Release|Win32.ActiveCfg = Release|Any CPU
		{D5EB1EB5-DD70-4461-9377-B462031837DC}.Release|x86.ActiveCfg = Release|Any CPU
		{6F05267C-1883-4526-8D83-E46B7B2D2FAF}.Debug (x86)|Any CPU.ActiveCfg = Debug|Any CPU
		{6F05267C-1883-4526-8D83-E46B7B2D2FAF}.Debug (x86)|Any CPU.Build.0 = Debug|Any CPU
		{6F05267C-1883-4526-8D83-E46B7B2D2FAF}.Debug (x86)|Mixed Platforms.ActiveCfg = Debug|Any CPU
		{6F05267C-1883-4526-8D83-E46B7B2D2FAF}.Debug (x86)|Mixed Platforms.Build.0 = Debug|Any CPU
		{6F05267C-1883-4526-8D83-E46B7B2D2FAF}.Debug (x86)|Win32.ActiveCfg = Debug|Any CPU
		{6F05267C-1883-4526-8D83-E46B7B2D2FAF}.Debug (x86)|x86.ActiveCfg = Debug|Any CPU
		{6F05267C-1883-4526-8D83-E46B7B2D2FAF}.Debug|Any CPU.ActiveCfg = Debug|Any CPU
		{6F05267C-1883-4526-8D83-E46B7B2D2FAF}.Debug|Any CPU.Build.0 = Debug|Any CPU
		{6F05267C-1883-4526-8D83-E46B7B2D2FAF}.Debug|Mixed Platforms.ActiveCfg = Debug|Any CPU
		{6F05267C-1883-4526-8D83-E46B7B2D2FAF}.Debug|Mixed Platforms.Build.0 = Debug|Any CPU
		{6F05267C-1883-4526-8D83-E46B7B2D2FAF}.Debug|Win32.ActiveCfg = Debug|Any CPU
		{6F05267C-1883-4526-8D83-E46B7B2D2FAF}.Debug|x86.ActiveCfg = Debug|Any CPU
		{6F05267C-1883-4526-8D83-E46B7B2D2FAF}.Release (x86)|Any CPU.ActiveCfg = Release|Any CPU
		{6F05267C-1883-4526-8D83-E46B7B2D2FAF}.Release (x86)|Any CPU.Build.0 = Release|Any CPU
		{6F05267C-1883-4526-8D83-E46B7B2D2FAF}.Release (x86)|Mixed Platforms.ActiveCfg = Release|Any CPU
		{6F05267C-1883-4526-8D83-E46B7B2D2FAF}.Release (x86)|Mixed Platforms.Build.0 = Release|Any CPU
		{6F05267C-1883-4526-8D83-E46B7B2D2FAF}.Release (x86)|Win32.ActiveCfg = Release|Any CPU
		{6F05267C-1883-4526-8D83-E46B7B2D2FAF}.Release (x86)|x86.ActiveCfg = Release|Any CPU
		{6F05267C-1883-4526-8D83-E46B7B2D2FAF}.Release|Any CPU.ActiveCfg = Release|Any CPU
		{6F05267C-1883-4526-8D83-E46B7B2D2FAF}.Release|Any CPU.Build.0 = Release|Any CPU
		{6F05267C-1883-4526-8D83-E46B7B2D2FAF}.Release|Mixed Platforms.ActiveCfg = Release|Any CPU
		{6F05267C-1883-4526-8D83-E46B7B2D2FAF}.Release|Mixed Platforms.Build.0 = Release|Any CPU
		{6F05267C-1883-4526-8D83-E46B7B2D2FAF}.Release|Win32.ActiveCfg = Release|Any CPU
		{6F05267C-1883-4526-8D83-E46B7B2D2FAF}.Release|x86.ActiveCfg = Release|Any CPU
		{1E53A000-FDEB-4E9E-8BE0-19CDC14A0282}.Debug (x86)|Any CPU.ActiveCfg = Debug|Any CPU
		{1E53A000-FDEB-4E9E-8BE0-19CDC14A0282}.Debug (x86)|Any CPU.Build.0 = Debug|Any CPU
		{1E53A000-FDEB-4E9E-8BE0-19CDC14A0282}.Debug (x86)|Mixed Platforms.ActiveCfg = Debug|Any CPU
		{1E53A000-FDEB-4E9E-8BE0-19CDC14A0282}.Debug (x86)|Mixed Platforms.Build.0 = Debug|Any CPU
		{1E53A000-FDEB-4E9E-8BE0-19CDC14A0282}.Debug (x86)|Win32.ActiveCfg = Debug|Any CPU
		{1E53A000-FDEB-4E9E-8BE0-19CDC14A0282}.Debug (x86)|x86.ActiveCfg = Debug|Any CPU
		{1E53A000-FDEB-4E9E-8BE0-19CDC14A0282}.Debug|Any CPU.ActiveCfg = Debug|Any CPU
		{1E53A000-FDEB-4E9E-8BE0-19CDC14A0282}.Debug|Any CPU.Build.0 = Debug|Any CPU
		{1E53A000-FDEB-4E9E-8BE0-19CDC14A0282}.Debug|Mixed Platforms.ActiveCfg = Debug|Any CPU
		{1E53A000-FDEB-4E9E-8BE0-19CDC14A0282}.Debug|Mixed Platforms.Build.0 = Debug|Any CPU
		{1E53A000-FDEB-4E9E-8BE0-19CDC14A0282}.Debug|Win32.ActiveCfg = Debug|Any CPU
		{1E53A000-FDEB-4E9E-8BE0-19CDC14A0282}.Debug|x86.ActiveCfg = Debug|Any CPU
		{1E53A000-FDEB-4E9E-8BE0-19CDC14A0282}.Release (x86)|Any CPU.ActiveCfg = Release|Any CPU
		{1E53A000-FDEB-4E9E-8BE0-19CDC14A0282}.Release (x86)|Any CPU.Build.0 = Release|Any CPU
		{1E53A000-FDEB-4E9E-8BE0-19CDC14A0282}.Release (x86)|Mixed Platforms.ActiveCfg = Release|Any CPU
		{1E53A000-FDEB-4E9E-8BE0-19CDC14A0282}.Release (x86)|Mixed Platforms.Build.0 = Release|Any CPU
		{1E53A000-FDEB-4E9E-8BE0-19CDC14A0282}.Release (x86)|Win32.ActiveCfg = Release|Any CPU
		{1E53A000-FDEB-4E9E-8BE0-19CDC14A0282}.Release (x86)|x86.ActiveCfg = Release|Any CPU
		{1E53A000-FDEB-4E9E-8BE0-19CDC14A0282}.Release|Any CPU.ActiveCfg = Release|Any CPU
		{1E53A000-FDEB-4E9E-8BE0-19CDC14A0282}.Release|Any CPU.Build.0 = Release|Any CPU
		{1E53A000-FDEB-4E9E-8BE0-19CDC14A0282}.Release|Mixed Platforms.ActiveCfg = Release|Any CPU
		{1E53A000-FDEB-4E9E-8BE0-19CDC14A0282}.Release|Mixed Platforms.Build.0 = Release|Any CPU
		{1E53A000-FDEB-4E9E-8BE0-19CDC14A0282}.Release|Win32.ActiveCfg = Release|Any CPU
		{1E53A000-FDEB-4E9E-8BE0-19CDC14A0282}.Release|x86.ActiveCfg = Release|Any CPU
		{DFCF14EA-6596-4B9C-B743-D7CE9E5F4348}.Debug (x86)|Any CPU.ActiveCfg = Debug|Any CPU
		{DFCF14EA-6596-4B9C-B743-D7CE9E5F4348}.Debug (x86)|Any CPU.Build.0 = Debug|Any CPU
		{DFCF14EA-6596-4B9C-B743-D7CE9E5F4348}.Debug (x86)|Mixed Platforms.ActiveCfg = Debug|Any CPU
		{DFCF14EA-6596-4B9C-B743-D7CE9E5F4348}.Debug (x86)|Mixed Platforms.Build.0 = Debug|Any CPU
		{DFCF14EA-6596-4B9C-B743-D7CE9E5F4348}.Debug (x86)|Win32.ActiveCfg = Debug|Any CPU
		{DFCF14EA-6596-4B9C-B743-D7CE9E5F4348}.Debug (x86)|x86.ActiveCfg = Debug|Any CPU
		{DFCF14EA-6596-4B9C-B743-D7CE9E5F4348}.Debug|Any CPU.ActiveCfg = Debug|Any CPU
		{DFCF14EA-6596-4B9C-B743-D7CE9E5F4348}.Debug|Any CPU.Build.0 = Debug|Any CPU
		{DFCF14EA-6596-4B9C-B743-D7CE9E5F4348}.Debug|Mixed Platforms.ActiveCfg = Debug|Any CPU
		{DFCF14EA-6596-4B9C-B743-D7CE9E5F4348}.Debug|Mixed Platforms.Build.0 = Debug|Any CPU
		{DFCF14EA-6596-4B9C-B743-D7CE9E5F4348}.Debug|Win32.ActiveCfg = Debug|Any CPU
		{DFCF14EA-6596-4B9C-B743-D7CE9E5F4348}.Debug|x86.ActiveCfg = Debug|Any CPU
		{DFCF14EA-6596-4B9C-B743-D7CE9E5F4348}.Release (x86)|Any CPU.ActiveCfg = Release|Any CPU
		{DFCF14EA-6596-4B9C-B743-D7CE9E5F4348}.Release (x86)|Any CPU.Build.0 = Release|Any CPU
		{DFCF14EA-6596-4B9C-B743-D7CE9E5F4348}.Release (x86)|Mixed Platforms.ActiveCfg = Release|Any CPU
		{DFCF14EA-6596-4B9C-B743-D7CE9E5F4348}.Release (x86)|Mixed Platforms.Build.0 = Release|Any CPU
		{DFCF14EA-6596-4B9C-B743-D7CE9E5F4348}.Release (x86)|Win32.ActiveCfg = Release|Any CPU
		{DFCF14EA-6596-4B9C-B743-D7CE9E5F4348}.Release (x86)|x86.ActiveCfg = Release|Any CPU
		{DFCF14EA-6596-4B9C-B743-D7CE9E5F4348}.Release|Any CPU.ActiveCfg = Release|Any CPU
		{DFCF14EA-6596-4B9C-B743-D7CE9E5F4348}.Release|Any CPU.Build.0 = Release|Any CPU
		{DFCF14EA-6596-4B9C-B743-D7CE9E5F4348}.Release|Mixed Platforms.ActiveCfg = Release|Any CPU
		{DFCF14EA-6596-4B9C-B743-D7CE9E5F4348}.Release|Mixed Platforms.Build.0 = Release|Any CPU
		{DFCF14EA-6596-4B9C-B743-D7CE9E5F4348}.Release|Win32.ActiveCfg = Release|Any CPU
		{DFCF14EA-6596-4B9C-B743-D7CE9E5F4348}.Release|x86.ActiveCfg = Release|Any CPU
		{14A91D06-21A1-4496-8F41-25E53BDD88ED}.Debug (x86)|Any CPU.ActiveCfg = Debug|Any CPU
		{14A91D06-21A1-4496-8F41-25E53BDD88ED}.Debug (x86)|Any CPU.Build.0 = Debug|Any CPU
		{14A91D06-21A1-4496-8F41-25E53BDD88ED}.Debug (x86)|Mixed Platforms.ActiveCfg = Debug|Any CPU
		{14A91D06-21A1-4496-8F41-25E53BDD88ED}.Debug (x86)|Mixed Platforms.Build.0 = Debug|Any CPU
		{14A91D06-21A1-4496-8F41-25E53BDD88ED}.Debug (x86)|Win32.ActiveCfg = Debug|Any CPU
		{14A91D06-21A1-4496-8F41-25E53BDD88ED}.Debug (x86)|x86.ActiveCfg = Debug|Any CPU
		{14A91D06-21A1-4496-8F41-25E53BDD88ED}.Debug|Any CPU.ActiveCfg = Debug|Any CPU
		{14A91D06-21A1-4496-8F41-25E53BDD88ED}.Debug|Any CPU.Build.0 = Debug|Any CPU
		{14A91D06-21A1-4496-8F41-25E53BDD88ED}.Debug|Mixed Platforms.ActiveCfg = Debug|Any CPU
		{14A91D06-21A1-4496-8F41-25E53BDD88ED}.Debug|Mixed Platforms.Build.0 = Debug|Any CPU
		{14A91D06-21A1-4496-8F41-25E53BDD88ED}.Debug|Win32.ActiveCfg = Debug|Any CPU
		{14A91D06-21A1-4496-8F41-25E53BDD88ED}.Debug|x86.ActiveCfg = Debug|Any CPU
		{14A91D06-21A1-4496-8F41-25E53BDD88ED}.Release (x86)|Any CPU.ActiveCfg = Release|Any CPU
		{14A91D06-21A1-4496-8F41-25E53BDD88ED}.Release (x86)|Any CPU.Build.0 = Release|Any CPU
		{14A91D06-21A1-4496-8F41-25E53BDD88ED}.Release (x86)|Mixed Platforms.ActiveCfg = Release|Any CPU
		{14A91D06-21A1-4496-8F41-25E53BDD88ED}.Release (x86)|Mixed Platforms.Build.0 = Release|Any CPU
		{14A91D06-21A1-4496-8F41-25E53BDD88ED}.Release (x86)|Win32.ActiveCfg = Release|Any CPU
		{14A91D06-21A1-4496-8F41-25E53BDD88ED}.Release (x86)|x86.ActiveCfg = Release|Any CPU
		{14A91D06-21A1-4496-8F41-25E53BDD88ED}.Release|Any CPU.ActiveCfg = Release|Any CPU
		{14A91D06-21A1-4496-8F41-25E53BDD88ED}.Release|Any CPU.Build.0 = Release|Any CPU
		{14A91D06-21A1-4496-8F41-25E53BDD88ED}.Release|Mixed Platforms.ActiveCfg = Release|Any CPU
		{14A91D06-21A1-4496-8F41-25E53BDD88ED}.Release|Mixed Platforms.Build.0 = Release|Any CPU
		{14A91D06-21A1-4496-8F41-25E53BDD88ED}.Release|Win32.ActiveCfg = Release|Any CPU
		{14A91D06-21A1-4496-8F41-25E53BDD88ED}.Release|x86.ActiveCfg = Release|Any CPU
		{57D1AA0E-1003-48F3-B59E-07B3EBFD1F68}.Debug (x86)|Any CPU.ActiveCfg = Debug|Any CPU
		{57D1AA0E-1003-48F3-B59E-07B3EBFD1F68}.Debug (x86)|Any CPU.Build.0 = Debug|Any CPU
		{57D1AA0E-1003-48F3-B59E-07B3EBFD1F68}.Debug (x86)|Mixed Platforms.ActiveCfg = Debug|Any CPU
		{57D1AA0E-1003-48F3-B59E-07B3EBFD1F68}.Debug (x86)|Mixed Platforms.Build.0 = Debug|Any CPU
		{57D1AA0E-1003-48F3-B59E-07B3EBFD1F68}.Debug (x86)|Win32.ActiveCfg = Debug|Any CPU
		{57D1AA0E-1003-48F3-B59E-07B3EBFD1F68}.Debug (x86)|x86.ActiveCfg = Debug|Any CPU
		{57D1AA0E-1003-48F3-B59E-07B3EBFD1F68}.Debug|Any CPU.ActiveCfg = Debug|Any CPU
		{57D1AA0E-1003-48F3-B59E-07B3EBFD1F68}.Debug|Any CPU.Build.0 = Debug|Any CPU
		{57D1AA0E-1003-48F3-B59E-07B3EBFD1F68}.Debug|Mixed Platforms.ActiveCfg = Debug|Any CPU
		{57D1AA0E-1003-48F3-B59E-07B3EBFD1F68}.Debug|Mixed Platforms.Build.0 = Debug|Any CPU
		{57D1AA0E-1003-48F3-B59E-07B3EBFD1F68}.Debug|Win32.ActiveCfg = Debug|Any CPU
		{57D1AA0E-1003-48F3-B59E-07B3EBFD1F68}.Debug|x86.ActiveCfg = Debug|Any CPU
		{57D1AA0E-1003-48F3-B59E-07B3EBFD1F68}.Release (x86)|Any CPU.ActiveCfg = Release|Any CPU
		{57D1AA0E-1003-48F3-B59E-07B3EBFD1F68}.Release (x86)|Any CPU.Build.0 = Release|Any CPU
		{57D1AA0E-1003-48F3-B59E-07B3EBFD1F68}.Release (x86)|Mixed Platforms.ActiveCfg = Release|Any CPU
		{57D1AA0E-1003-48F3-B59E-07B3EBFD1F68}.Release (x86)|Mixed Platforms.Build.0 = Release|Any CPU
		{57D1AA0E-1003-48F3-B59E-07B3EBFD1F68}.Release (x86)|Win32.ActiveCfg = Release|Any CPU
		{57D1AA0E-1003-48F3-B59E-07B3EBFD1F68}.Release (x86)|x86.ActiveCfg = Release|Any CPU
		{57D1AA0E-1003-48F3-B59E-07B3EBFD1F68}.Release|Any CPU.ActiveCfg = Release|Any CPU
		{57D1AA0E-1003-48F3-B59E-07B3EBFD1F68}.Release|Any CPU.Build.0 = Release|Any CPU
		{57D1AA0E-1003-48F3-B59E-07B3EBFD1F68}.Release|Mixed Platforms.ActiveCfg = Release|Any CPU
		{57D1AA0E-1003-48F3-B59E-07B3EBFD1F68}.Release|Mixed Platforms.Build.0 = Release|Any CPU
		{57D1AA0E-1003-48F3-B59E-07B3EBFD1F68}.Release|Win32.ActiveCfg = Release|Any CPU
		{57D1AA0E-1003-48F3-B59E-07B3EBFD1F68}.Release|x86.ActiveCfg = Release|Any CPU
		{FCD9A0E9-0954-4249-8BAC-3BCBF93E6E10}.Debug (x86)|Any CPU.ActiveCfg = Debug|Any CPU
		{FCD9A0E9-0954-4249-8BAC-3BCBF93E6E10}.Debug (x86)|Any CPU.Build.0 = Debug|Any CPU
		{FCD9A0E9-0954-4249-8BAC-3BCBF93E6E10}.Debug (x86)|Mixed Platforms.ActiveCfg = Debug|Any CPU
		{FCD9A0E9-0954-4249-8BAC-3BCBF93E6E10}.Debug (x86)|Mixed Platforms.Build.0 = Debug|Any CPU
		{FCD9A0E9-0954-4249-8BAC-3BCBF93E6E10}.Debug (x86)|Win32.ActiveCfg = Debug|Any CPU
		{FCD9A0E9-0954-4249-8BAC-3BCBF93E6E10}.Debug (x86)|x86.ActiveCfg = Debug|Any CPU
		{FCD9A0E9-0954-4249-8BAC-3BCBF93E6E10}.Debug|Any CPU.ActiveCfg = Debug|Any CPU
		{FCD9A0E9-0954-4249-8BAC-3BCBF93E6E10}.Debug|Any CPU.Build.0 = Debug|Any CPU
		{FCD9A0E9-0954-4249-8BAC-3BCBF93E6E10}.Debug|Mixed Platforms.ActiveCfg = Debug|Any CPU
		{FCD9A0E9-0954-4249-8BAC-3BCBF93E6E10}.Debug|Mixed Platforms.Build.0 = Debug|Any CPU
		{FCD9A0E9-0954-4249-8BAC-3BCBF93E6E10}.Debug|Win32.ActiveCfg = Debug|Any CPU
		{FCD9A0E9-0954-4249-8BAC-3BCBF93E6E10}.Debug|x86.ActiveCfg = Debug|Any CPU
		{FCD9A0E9-0954-4249-8BAC-3BCBF93E6E10}.Release (x86)|Any CPU.ActiveCfg = Release|Any CPU
		{FCD9A0E9-0954-4249-8BAC-3BCBF93E6E10}.Release (x86)|Any CPU.Build.0 = Release|Any CPU
		{FCD9A0E9-0954-4249-8BAC-3BCBF93E6E10}.Release (x86)|Mixed Platforms.ActiveCfg = Release|Any CPU
		{FCD9A0E9-0954-4249-8BAC-3BCBF93E6E10}.Release (x86)|Mixed Platforms.Build.0 = Release|Any CPU
		{FCD9A0E9-0954-4249-8BAC-3BCBF93E6E10}.Release (x86)|Win32.ActiveCfg = Release|Any CPU
		{FCD9A0E9-0954-4249-8BAC-3BCBF93E6E10}.Release (x86)|x86.ActiveCfg = Release|Any CPU
		{FCD9A0E9-0954-4249-8BAC-3BCBF93E6E10}.Release|Any CPU.ActiveCfg = Release|Any CPU
		{FCD9A0E9-0954-4249-8BAC-3BCBF93E6E10}.Release|Any CPU.Build.0 = Release|Any CPU
		{FCD9A0E9-0954-4249-8BAC-3BCBF93E6E10}.Release|Mixed Platforms.ActiveCfg = Release|Any CPU
		{FCD9A0E9-0954-4249-8BAC-3BCBF93E6E10}.Release|Mixed Platforms.Build.0 = Release|Any CPU
		{FCD9A0E9-0954-4249-8BAC-3BCBF93E6E10}.Release|Win32.ActiveCfg = Release|Any CPU
		{FCD9A0E9-0954-4249-8BAC-3BCBF93E6E10}.Release|x86.ActiveCfg = Release|Any CPU
		{A5EB7A6B-1600-4BE2-AED6-3284C4E7987C}.Debug (x86)|Any CPU.ActiveCfg = Debug|Any CPU
		{A5EB7A6B-1600-4BE2-AED6-3284C4E7987C}.Debug (x86)|Any CPU.Build.0 = Debug|Any CPU
		{A5EB7A6B-1600-4BE2-AED6-3284C4E7987C}.Debug (x86)|Mixed Platforms.ActiveCfg = Debug|Any CPU
		{A5EB7A6B-1600-4BE2-AED6-3284C4E7987C}.Debug (x86)|Mixed Platforms.Build.0 = Debug|Any CPU
		{A5EB7A6B-1600-4BE2-AED6-3284C4E7987C}.Debug (x86)|Win32.ActiveCfg = Debug|Any CPU
		{A5EB7A6B-1600-4BE2-AED6-3284C4E7987C}.Debug (x86)|x86.ActiveCfg = Debug|Any CPU
		{A5EB7A6B-1600-4BE2-AED6-3284C4E7987C}.Debug|Any CPU.ActiveCfg = Debug|Any CPU
		{A5EB7A6B-1600-4BE2-AED6-3284C4E7987C}.Debug|Any CPU.Build.0 = Debug|Any CPU
		{A5EB7A6B-1600-4BE2-AED6-3284C4E7987C}.Debug|Mixed Platforms.ActiveCfg = Debug|Any CPU
		{A5EB7A6B-1600-4BE2-AED6-3284C4E7987C}.Debug|Mixed Platforms.Build.0 = Debug|Any CPU
		{A5EB7A6B-1600-4BE2-AED6-3284C4E7987C}.Debug|Win32.ActiveCfg = Debug|Any CPU
		{A5EB7A6B-1600-4BE2-AED6-3284C4E7987C}.Debug|x86.ActiveCfg = Debug|Any CPU
		{A5EB7A6B-1600-4BE2-AED6-3284C4E7987C}.Release (x86)|Any CPU.ActiveCfg = Release|Any CPU
		{A5EB7A6B-1600-4BE2-AED6-3284C4E7987C}.Release (x86)|Any CPU.Build.0 = Release|Any CPU
		{A5EB7A6B-1600-4BE2-AED6-3284C4E7987C}.Release (x86)|Mixed Platforms.ActiveCfg = Release|Any CPU
		{A5EB7A6B-1600-4BE2-AED6-3284C4E7987C}.Release (x86)|Mixed Platforms.Build.0 = Release|Any CPU
		{A5EB7A6B-1600-4BE2-AED6-3284C4E7987C}.Release (x86)|Win32.ActiveCfg = Release|Any CPU
		{A5EB7A6B-1600-4BE2-AED6-3284C4E7987C}.Release (x86)|x86.ActiveCfg = Release|Any CPU
		{A5EB7A6B-1600-4BE2-AED6-3284C4E7987C}.Release|Any CPU.ActiveCfg = Release|Any CPU
		{A5EB7A6B-1600-4BE2-AED6-3284C4E7987C}.Release|Any CPU.Build.0 = Release|Any CPU
		{A5EB7A6B-1600-4BE2-AED6-3284C4E7987C}.Release|Mixed Platforms.ActiveCfg = Release|Any CPU
		{A5EB7A6B-1600-4BE2-AED6-3284C4E7987C}.Release|Mixed Platforms.Build.0 = Release|Any CPU
		{A5EB7A6B-1600-4BE2-AED6-3284C4E7987C}.Release|Win32.ActiveCfg = Release|Any CPU
		{A5EB7A6B-1600-4BE2-AED6-3284C4E7987C}.Release|x86.ActiveCfg = Release|Any CPU
		{A93F195E-44BC-4C73-8F70-7714A040EA0E}.Debug (x86)|Any CPU.ActiveCfg = Debug|Any CPU
		{A93F195E-44BC-4C73-8F70-7714A040EA0E}.Debug (x86)|Any CPU.Build.0 = Debug|Any CPU
		{A93F195E-44BC-4C73-8F70-7714A040EA0E}.Debug (x86)|Mixed Platforms.ActiveCfg = Debug|Any CPU
		{A93F195E-44BC-4C73-8F70-7714A040EA0E}.Debug (x86)|Mixed Platforms.Build.0 = Debug|Any CPU
		{A93F195E-44BC-4C73-8F70-7714A040EA0E}.Debug (x86)|Win32.ActiveCfg = Debug|Any CPU
		{A93F195E-44BC-4C73-8F70-7714A040EA0E}.Debug (x86)|x86.ActiveCfg = Debug|Any CPU
		{A93F195E-44BC-4C73-8F70-7714A040EA0E}.Debug|Any CPU.ActiveCfg = Debug|Any CPU
		{A93F195E-44BC-4C73-8F70-7714A040EA0E}.Debug|Any CPU.Build.0 = Debug|Any CPU
		{A93F195E-44BC-4C73-8F70-7714A040EA0E}.Debug|Mixed Platforms.ActiveCfg = Debug|Any CPU
		{A93F195E-44BC-4C73-8F70-7714A040EA0E}.Debug|Mixed Platforms.Build.0 = Debug|Any CPU
		{A93F195E-44BC-4C73-8F70-7714A040EA0E}.Debug|Win32.ActiveCfg = Debug|Any CPU
		{A93F195E-44BC-4C73-8F70-7714A040EA0E}.Debug|x86.ActiveCfg = Debug|Any CPU
		{A93F195E-44BC-4C73-8F70-7714A040EA0E}.Release (x86)|Any CPU.ActiveCfg = Release|Any CPU
		{A93F195E-44BC-4C73-8F70-7714A040EA0E}.Release (x86)|Any CPU.Build.0 = Release|Any CPU
		{A93F195E-44BC-4C73-8F70-7714A040EA0E}.Release (x86)|Mixed Platforms.ActiveCfg = Release|Any CPU
		{A93F195E-44BC-4C73-8F70-7714A040EA0E}.Release (x86)|Mixed Platforms.Build.0 = Release|Any CPU
		{A93F195E-44BC-4C73-8F70-7714A040EA0E}.Release (x86)|Win32.ActiveCfg = Release|Any CPU
		{A93F195E-44BC-4C73-8F70-7714A040EA0E}.Release (x86)|x86.ActiveCfg = Release|Any CPU
		{A93F195E-44BC-4C73-8F70-7714A040EA0E}.Release|Any CPU.ActiveCfg = Release|Any CPU
		{A93F195E-44BC-4C73-8F70-7714A040EA0E}.Release|Any CPU.Build.0 = Release|Any CPU
		{A93F195E-44BC-4C73-8F70-7714A040EA0E}.Release|Mixed Platforms.ActiveCfg = Release|Any CPU
		{A93F195E-44BC-4C73-8F70-7714A040EA0E}.Release|Mixed Platforms.Build.0 = Release|Any CPU
		{A93F195E-44BC-4C73-8F70-7714A040EA0E}.Release|Win32.ActiveCfg = Release|Any CPU
		{A93F195E-44BC-4C73-8F70-7714A040EA0E}.Release|x86.ActiveCfg = Release|Any CPU
		{816C5A4D-FA09-4E79-8B50-8BD375532460}.Debug (x86)|Any CPU.ActiveCfg = Debug|Any CPU
		{816C5A4D-FA09-4E79-8B50-8BD375532460}.Debug (x86)|Any CPU.Build.0 = Debug|Any CPU
		{816C5A4D-FA09-4E79-8B50-8BD375532460}.Debug (x86)|Mixed Platforms.ActiveCfg = Debug|Any CPU
		{816C5A4D-FA09-4E79-8B50-8BD375532460}.Debug (x86)|Mixed Platforms.Build.0 = Debug|Any CPU
		{816C5A4D-FA09-4E79-8B50-8BD375532460}.Debug (x86)|Win32.ActiveCfg = Debug|Any CPU
		{816C5A4D-FA09-4E79-8B50-8BD375532460}.Debug (x86)|x86.ActiveCfg = Debug|Any CPU
		{816C5A4D-FA09-4E79-8B50-8BD375532460}.Debug|Any CPU.ActiveCfg = Debug|Any CPU
		{816C5A4D-FA09-4E79-8B50-8BD375532460}.Debug|Any CPU.Build.0 = Debug|Any CPU
		{816C5A4D-FA09-4E79-8B50-8BD375532460}.Debug|Mixed Platforms.ActiveCfg = Debug|Any CPU
		{816C5A4D-FA09-4E79-8B50-8BD375532460}.Debug|Mixed Platforms.Build.0 = Debug|Any CPU
		{816C5A4D-FA09-4E79-8B50-8BD375532460}.Debug|Win32.ActiveCfg = Debug|Any CPU
		{816C5A4D-FA09-4E79-8B50-8BD375532460}.Debug|x86.ActiveCfg = Debug|Any CPU
		{816C5A4D-FA09-4E79-8B50-8BD375532460}.Release (x86)|Any CPU.ActiveCfg = Release|Any CPU
		{816C5A4D-FA09-4E79-8B50-8BD375532460}.Release (x86)|Any CPU.Build.0 = Release|Any CPU
		{816C5A4D-FA09-4E79-8B50-8BD375532460}.Release (x86)|Mixed Platforms.ActiveCfg = Release|Any CPU
		{816C5A4D-FA09-4E79-8B50-8BD375532460}.Release (x86)|Mixed Platforms.Build.0 = Release|Any CPU
		{816C5A4D-FA09-4E79-8B50-8BD375532460}.Release (x86)|Win32.ActiveCfg = Release|Any CPU
		{816C5A4D-FA09-4E79-8B50-8BD375532460}.Release (x86)|x86.ActiveCfg = Release|Any CPU
		{816C5A4D-FA09-4E79-8B50-8BD375532460}.Release|Any CPU.ActiveCfg = Release|Any CPU
		{816C5A4D-FA09-4E79-8B50-8BD375532460}.Release|Any CPU.Build.0 = Release|Any CPU
		{816C5A4D-FA09-4E79-8B50-8BD375532460}.Release|Mixed Platforms.ActiveCfg = Release|Any CPU
		{816C5A4D-FA09-4E79-8B50-8BD375532460}.Release|Mixed Platforms.Build.0 = Release|Any CPU
		{816C5A4D-FA09-4E79-8B50-8BD375532460}.Release|Win32.ActiveCfg = Release|Any CPU
		{816C5A4D-FA09-4E79-8B50-8BD375532460}.Release|x86.ActiveCfg = Release|Any CPU
		{0406CA21-03B7-4BF0-AEB3-993C7BE208B9}.Debug (x86)|Any CPU.ActiveCfg = Debug|Any CPU
		{0406CA21-03B7-4BF0-AEB3-993C7BE208B9}.Debug (x86)|Any CPU.Build.0 = Debug|Any CPU
		{0406CA21-03B7-4BF0-AEB3-993C7BE208B9}.Debug (x86)|Mixed Platforms.ActiveCfg = Debug|x86
		{0406CA21-03B7-4BF0-AEB3-993C7BE208B9}.Debug (x86)|Mixed Platforms.Build.0 = Debug|x86
		{0406CA21-03B7-4BF0-AEB3-993C7BE208B9}.Debug (x86)|Win32.ActiveCfg = Debug|x86
		{0406CA21-03B7-4BF0-AEB3-993C7BE208B9}.Debug (x86)|Win32.Build.0 = Debug|x86
		{0406CA21-03B7-4BF0-AEB3-993C7BE208B9}.Debug (x86)|x86.ActiveCfg = Debug|x86
		{0406CA21-03B7-4BF0-AEB3-993C7BE208B9}.Debug (x86)|x86.Build.0 = Debug|x86
		{0406CA21-03B7-4BF0-AEB3-993C7BE208B9}.Debug|Any CPU.ActiveCfg = Debug|Any CPU
		{0406CA21-03B7-4BF0-AEB3-993C7BE208B9}.Debug|Any CPU.Build.0 = Debug|Any CPU
		{0406CA21-03B7-4BF0-AEB3-993C7BE208B9}.Debug|Mixed Platforms.ActiveCfg = Debug|Any CPU
		{0406CA21-03B7-4BF0-AEB3-993C7BE208B9}.Debug|Mixed Platforms.Build.0 = Debug|Any CPU
		{0406CA21-03B7-4BF0-AEB3-993C7BE208B9}.Debug|Win32.ActiveCfg = Debug|Any CPU
		{0406CA21-03B7-4BF0-AEB3-993C7BE208B9}.Debug|Win32.Build.0 = Debug|Any CPU
		{0406CA21-03B7-4BF0-AEB3-993C7BE208B9}.Debug|x86.ActiveCfg = Debug|x86
		{0406CA21-03B7-4BF0-AEB3-993C7BE208B9}.Debug|x86.Build.0 = Debug|x86
		{0406CA21-03B7-4BF0-AEB3-993C7BE208B9}.Release (x86)|Any CPU.ActiveCfg = Release|Any CPU
		{0406CA21-03B7-4BF0-AEB3-993C7BE208B9}.Release (x86)|Any CPU.Build.0 = Release|Any CPU
		{0406CA21-03B7-4BF0-AEB3-993C7BE208B9}.Release (x86)|Mixed Platforms.ActiveCfg = Release|x86
		{0406CA21-03B7-4BF0-AEB3-993C7BE208B9}.Release (x86)|Mixed Platforms.Build.0 = Release|x86
		{0406CA21-03B7-4BF0-AEB3-993C7BE208B9}.Release (x86)|Win32.ActiveCfg = Release|x86
		{0406CA21-03B7-4BF0-AEB3-993C7BE208B9}.Release (x86)|Win32.Build.0 = Release|x86
		{0406CA21-03B7-4BF0-AEB3-993C7BE208B9}.Release (x86)|x86.ActiveCfg = Release|x86
		{0406CA21-03B7-4BF0-AEB3-993C7BE208B9}.Release (x86)|x86.Build.0 = Release|x86
		{0406CA21-03B7-4BF0-AEB3-993C7BE208B9}.Release|Any CPU.ActiveCfg = Release|Any CPU
		{0406CA21-03B7-4BF0-AEB3-993C7BE208B9}.Release|Any CPU.Build.0 = Release|Any CPU
		{0406CA21-03B7-4BF0-AEB3-993C7BE208B9}.Release|Mixed Platforms.ActiveCfg = Release|Any CPU
		{0406CA21-03B7-4BF0-AEB3-993C7BE208B9}.Release|Mixed Platforms.Build.0 = Release|Any CPU
		{0406CA21-03B7-4BF0-AEB3-993C7BE208B9}.Release|Win32.ActiveCfg = Release|Any CPU
		{0406CA21-03B7-4BF0-AEB3-993C7BE208B9}.Release|Win32.Build.0 = Release|Any CPU
		{0406CA21-03B7-4BF0-AEB3-993C7BE208B9}.Release|x86.ActiveCfg = Release|x86
		{0406CA21-03B7-4BF0-AEB3-993C7BE208B9}.Release|x86.Build.0 = Release|x86
		{329FDD27-99C6-48D6-9205-280CFDA3C735}.Debug (x86)|Any CPU.ActiveCfg = Debug|Any CPU
		{329FDD27-99C6-48D6-9205-280CFDA3C735}.Debug (x86)|Any CPU.Build.0 = Debug|Any CPU
		{329FDD27-99C6-48D6-9205-280CFDA3C735}.Debug (x86)|Mixed Platforms.ActiveCfg = Debug|Any CPU
		{329FDD27-99C6-48D6-9205-280CFDA3C735}.Debug (x86)|Mixed Platforms.Build.0 = Debug|Any CPU
		{329FDD27-99C6-48D6-9205-280CFDA3C735}.Debug (x86)|Win32.ActiveCfg = Debug|Any CPU
		{329FDD27-99C6-48D6-9205-280CFDA3C735}.Debug (x86)|Win32.Build.0 = Debug|Any CPU
		{329FDD27-99C6-48D6-9205-280CFDA3C735}.Debug (x86)|x86.ActiveCfg = Debug|Any CPU
		{329FDD27-99C6-48D6-9205-280CFDA3C735}.Debug (x86)|x86.Build.0 = Debug|Any CPU
		{329FDD27-99C6-48D6-9205-280CFDA3C735}.Debug|Any CPU.ActiveCfg = Debug|Any CPU
		{329FDD27-99C6-48D6-9205-280CFDA3C735}.Debug|Any CPU.Build.0 = Debug|Any CPU
		{329FDD27-99C6-48D6-9205-280CFDA3C735}.Debug|Mixed Platforms.ActiveCfg = Debug|Any CPU
		{329FDD27-99C6-48D6-9205-280CFDA3C735}.Debug|Mixed Platforms.Build.0 = Debug|Any CPU
		{329FDD27-99C6-48D6-9205-280CFDA3C735}.Debug|Win32.ActiveCfg = Debug|Any CPU
		{329FDD27-99C6-48D6-9205-280CFDA3C735}.Debug|Win32.Build.0 = Debug|Any CPU
		{329FDD27-99C6-48D6-9205-280CFDA3C735}.Debug|x86.ActiveCfg = Debug|Any CPU
		{329FDD27-99C6-48D6-9205-280CFDA3C735}.Debug|x86.Build.0 = Debug|Any CPU
		{329FDD27-99C6-48D6-9205-280CFDA3C735}.Release (x86)|Any CPU.ActiveCfg = Release|Any CPU
		{329FDD27-99C6-48D6-9205-280CFDA3C735}.Release (x86)|Any CPU.Build.0 = Release|Any CPU
		{329FDD27-99C6-48D6-9205-280CFDA3C735}.Release (x86)|Mixed Platforms.ActiveCfg = Release|Any CPU
		{329FDD27-99C6-48D6-9205-280CFDA3C735}.Release (x86)|Mixed Platforms.Build.0 = Release|Any CPU
		{329FDD27-99C6-48D6-9205-280CFDA3C735}.Release (x86)|Win32.ActiveCfg = Release|Any CPU
		{329FDD27-99C6-48D6-9205-280CFDA3C735}.Release (x86)|Win32.Build.0 = Release|Any CPU
		{329FDD27-99C6-48D6-9205-280CFDA3C735}.Release (x86)|x86.ActiveCfg = Release|Any CPU
		{329FDD27-99C6-48D6-9205-280CFDA3C735}.Release (x86)|x86.Build.0 = Release|Any CPU
		{329FDD27-99C6-48D6-9205-280CFDA3C735}.Release|Any CPU.ActiveCfg = Release|Any CPU
		{329FDD27-99C6-48D6-9205-280CFDA3C735}.Release|Any CPU.Build.0 = Release|Any CPU
		{329FDD27-99C6-48D6-9205-280CFDA3C735}.Release|Mixed Platforms.ActiveCfg = Release|Any CPU
		{329FDD27-99C6-48D6-9205-280CFDA3C735}.Release|Mixed Platforms.Build.0 = Release|Any CPU
		{329FDD27-99C6-48D6-9205-280CFDA3C735}.Release|Win32.ActiveCfg = Release|Any CPU
		{329FDD27-99C6-48D6-9205-280CFDA3C735}.Release|Win32.Build.0 = Release|Any CPU
		{329FDD27-99C6-48D6-9205-280CFDA3C735}.Release|x86.ActiveCfg = Release|Any CPU
		{329FDD27-99C6-48D6-9205-280CFDA3C735}.Release|x86.Build.0 = Release|Any CPU
	EndGlobalSection
	GlobalSection(SolutionProperties) = preSolution
		HideSolutionNode = FALSE
	EndGlobalSection
EndGlobal
