
Microsoft Visual Studio Solution File, Format Version 12.00
# Visual Studio 15
VisualStudioVersion = 15.0.27004.2005
MinimumVisualStudioVersion = 10.0.40219.1
Project("{FAE04EC0-301F-11D3-BF4B-00C04F79EFBC}") = "Interapptive.MSBuild.Tasks", "Interapptive.MSBuild.Tasks.csproj", "{CCD16E8E-E9F5-4AC4-A2F6-42528ABF0CDE}"
EndProject
Global
	GlobalSection(SolutionConfigurationPlatforms) = preSolution
		Debug|Any CPU = Debug|Any CPU
		Release|Any CPU = Release|Any CPU
	EndGlobalSection
	GlobalSection(ProjectConfigurationPlatforms) = postSolution
		{CCD16E8E-E9F5-4AC4-A2F6-42528ABF0CDE}.Debug|Any CPU.ActiveCfg = Debug|Any CPU
		{CCD16E8E-E9F5-4AC4-A2F6-42528ABF0CDE}.Debug|Any CPU.Build.0 = Debug|Any CPU
		{CCD16E8E-E9F5-4AC4-A2F6-42528ABF0CDE}.Release|Any CPU.ActiveCfg = Release|Any CPU
		{CCD16E8E-E9F5-4AC4-A2F6-42528ABF0CDE}.Release|Any CPU.Build.0 = Release|Any CPU
	EndGlobalSection
	GlobalSection(SolutionProperties) = preSolution
		HideSolutionNode = FALSE
	EndGlobalSection
	GlobalSection(ExtensibilityGlobals) = postSolution
		SolutionGuid = {0836C8A1-2672-42B3-868B-EBE1C3EC0F78}
	EndGlobalSection
EndGlobal
